
Microsoft Visual Studio Solution File, Format Version 12.00
# Visual Studio Version 17
VisualStudioVersion = 17.1.32210.238
MinimumVisualStudioVersion = 10.0.40219.1
Project("{9A19103F-16F7-4668-BE54-9A1E7A4F7556}") = "AircraftAPI", "AeronaveAPI\AircraftAPI.csproj", "{8B6D47B7-58D5-41DD-81AF-529112673FC9}"
EndProject
Project("{9A19103F-16F7-4668-BE54-9A1E7A4F7556}") = "Model", "Model\Model.csproj", "{CE7E1278-2FC7-44D6-9B79-A009A4BDA5E5}"
EndProject
Project("{9A19103F-16F7-4668-BE54-9A1E7A4F7556}") = "AirportAPI", "AirportAPI\AirportAPI.csproj", "{6D51EF76-96DD-4AD0-B816-6093EAAF0D7B}"
EndProject
Project("{9A19103F-16F7-4668-BE54-9A1E7A4F7556}") = "PassengerAPI", "PassangerAPI\PassengerAPI.csproj", "{B5D061BE-2252-4635-A148-4CC77C66FE49}"
EndProject
Project("{9A19103F-16F7-4668-BE54-9A1E7A4F7556}") = "PriceBaseAPI", "PriceBaseAPI\PriceBaseAPI.csproj", "{31FEF270-5FCA-429B-882E-6E3EFDD272CC}"
EndProject
Project("{9A19103F-16F7-4668-BE54-9A1E7A4F7556}") = "Service", "Service\Service.csproj", "{1CF63119-07BE-4A19-B145-498D82B5BAFC}"
EndProject
Project("{FAE04EC0-301F-11D3-BF4B-00C04F79EFBC}") = "FlightAPI", "FlightAPI\FlightAPI.csproj", "{45D3207A-5D27-409A-86A8-DD50BFA8D1C0}"
EndProject
Project("{FAE04EC0-301F-11D3-BF4B-00C04F79EFBC}") = "BookingAPI", "BookingAPI\BookingAPI.csproj", "{E628CE68-18B3-4025-83D7-7A8456DCDF1E}"
EndProject
Global
	GlobalSection(SolutionConfigurationPlatforms) = preSolution
		Debug|Any CPU = Debug|Any CPU
		Release|Any CPU = Release|Any CPU
	EndGlobalSection
	GlobalSection(ProjectConfigurationPlatforms) = postSolution
		{8B6D47B7-58D5-41DD-81AF-529112673FC9}.Debug|Any CPU.ActiveCfg = Debug|Any CPU
		{8B6D47B7-58D5-41DD-81AF-529112673FC9}.Debug|Any CPU.Build.0 = Debug|Any CPU
		{8B6D47B7-58D5-41DD-81AF-529112673FC9}.Release|Any CPU.ActiveCfg = Release|Any CPU
		{8B6D47B7-58D5-41DD-81AF-529112673FC9}.Release|Any CPU.Build.0 = Release|Any CPU
		{CE7E1278-2FC7-44D6-9B79-A009A4BDA5E5}.Debug|Any CPU.ActiveCfg = Debug|Any CPU
		{CE7E1278-2FC7-44D6-9B79-A009A4BDA5E5}.Debug|Any CPU.Build.0 = Debug|Any CPU
		{CE7E1278-2FC7-44D6-9B79-A009A4BDA5E5}.Release|Any CPU.ActiveCfg = Release|Any CPU
		{CE7E1278-2FC7-44D6-9B79-A009A4BDA5E5}.Release|Any CPU.Build.0 = Release|Any CPU
		{6D51EF76-96DD-4AD0-B816-6093EAAF0D7B}.Debug|Any CPU.ActiveCfg = Debug|Any CPU
		{6D51EF76-96DD-4AD0-B816-6093EAAF0D7B}.Debug|Any CPU.Build.0 = Debug|Any CPU
		{6D51EF76-96DD-4AD0-B816-6093EAAF0D7B}.Release|Any CPU.ActiveCfg = Release|Any CPU
		{6D51EF76-96DD-4AD0-B816-6093EAAF0D7B}.Release|Any CPU.Build.0 = Release|Any CPU
		{B5D061BE-2252-4635-A148-4CC77C66FE49}.Debug|Any CPU.ActiveCfg = Debug|Any CPU
		{B5D061BE-2252-4635-A148-4CC77C66FE49}.Debug|Any CPU.Build.0 = Debug|Any CPU
		{B5D061BE-2252-4635-A148-4CC77C66FE49}.Release|Any CPU.ActiveCfg = Release|Any CPU
		{B5D061BE-2252-4635-A148-4CC77C66FE49}.Release|Any CPU.Build.0 = Release|Any CPU
		{31FEF270-5FCA-429B-882E-6E3EFDD272CC}.Debug|Any CPU.ActiveCfg = Debug|Any CPU
		{31FEF270-5FCA-429B-882E-6E3EFDD272CC}.Debug|Any CPU.Build.0 = Debug|Any CPU
		{31FEF270-5FCA-429B-882E-6E3EFDD272CC}.Release|Any CPU.ActiveCfg = Release|Any CPU
		{31FEF270-5FCA-429B-882E-6E3EFDD272CC}.Release|Any CPU.Build.0 = Release|Any CPU
		{1CF63119-07BE-4A19-B145-498D82B5BAFC}.Debug|Any CPU.ActiveCfg = Debug|Any CPU
		{1CF63119-07BE-4A19-B145-498D82B5BAFC}.Debug|Any CPU.Build.0 = Debug|Any CPU
		{1CF63119-07BE-4A19-B145-498D82B5BAFC}.Release|Any CPU.ActiveCfg = Release|Any CPU
		{1CF63119-07BE-4A19-B145-498D82B5BAFC}.Release|Any CPU.Build.0 = Release|Any CPU
		{45D3207A-5D27-409A-86A8-DD50BFA8D1C0}.Debug|Any CPU.ActiveCfg = Debug|Any CPU
		{45D3207A-5D27-409A-86A8-DD50BFA8D1C0}.Debug|Any CPU.Build.0 = Debug|Any CPU
		{45D3207A-5D27-409A-86A8-DD50BFA8D1C0}.Release|Any CPU.ActiveCfg = Release|Any CPU
		{45D3207A-5D27-409A-86A8-DD50BFA8D1C0}.Release|Any CPU.Build.0 = Release|Any CPU
		{E628CE68-18B3-4025-83D7-7A8456DCDF1E}.Debug|Any CPU.ActiveCfg = Debug|Any CPU
		{E628CE68-18B3-4025-83D7-7A8456DCDF1E}.Debug|Any CPU.Build.0 = Debug|Any CPU
		{E628CE68-18B3-4025-83D7-7A8456DCDF1E}.Release|Any CPU.ActiveCfg = Release|Any CPU
		{E628CE68-18B3-4025-83D7-7A8456DCDF1E}.Release|Any CPU.Build.0 = Release|Any CPU
	EndGlobalSection
	GlobalSection(SolutionProperties) = preSolution
		HideSolutionNode = FALSE
	EndGlobalSection
	GlobalSection(ExtensibilityGlobals) = postSolution
		SolutionGuid = {25F3A693-A8B5-41B7-A8A0-F1EFC3EA27E3}
	EndGlobalSection
EndGlobal
